
Microsoft Visual Studio Solution File, Format Version 12.00
# Visual Studio 2013
VisualStudioVersion = 12.0.30110.0
MinimumVisualStudioVersion = 10.0.40219.1
Project("{8BC9CEB8-8B4A-11D0-8D11-00A0C91BC942}") = "HackBaseMini", "HackBaseMini\HackBaseMini.vcxproj", "{ED77F24F-5F18-4201-B6B4-EE4E5352EEF2}"
EndProject
Global
	GlobalSection(SolutionConfigurationPlatforms) = preSolution
		Debug|Win32 = Debug|Win32
		Release|Win32 = Release|Win32
	EndGlobalSection
	GlobalSection(ProjectConfigurationPlatforms) = postSolution
		{ED77F24F-5F18-4201-B6B4-EE4E5352EEF2}.Debug|Win32.ActiveCfg = Debug|Win32
		{ED77F24F-5F18-4201-B6B4-EE4E5352EEF2}.Debug|Win32.Build.0 = Debug|Win32
		{ED77F24F-5F18-4201-B6B4-EE4E5352EEF2}.Release|Win32.ActiveCfg = Release|Win32
		{ED77F24F-5F18-4201-B6B4-EE4E5352EEF2}.Release|Win32.Build.0 = Release|Win32
	EndGlobalSection
	GlobalSection(SolutionProperties) = preSolution
		HideSolutionNode = FALSE
	EndGlobalSection
EndGlobal
